
Microsoft Visual Studio Solution File, Format Version 12.00
# Visual Studio Version 17
VisualStudioVersion = 17.0.32126.317
MinimumVisualStudioVersion = 10.0.40219.1
Project("{9A19103F-16F7-4668-BE54-9A1E7A4F7556}") = "SamplePlugin_AutoRest", "SamplePlugin\SamplePlugin_AutoRest.csproj", "{204CD9E6-D733-41E8-BD0E-EC7AE59BBC95}"
EndProject
Global
	GlobalSection(SolutionConfigurationPlatforms) = preSolution
		Debug|Any CPU = Debug|Any CPU
		Release|Any CPU = Release|Any CPU
	EndGlobalSection
	GlobalSection(ProjectConfigurationPlatforms) = postSolution
		{204CD9E6-D733-41E8-BD0E-EC7AE59BBC95}.Debug|Any CPU.ActiveCfg = Debug|Any CPU
		{204CD9E6-D733-41E8-BD0E-EC7AE59BBC95}.Debug|Any CPU.Build.0 = Debug|Any CPU
		{204CD9E6-D733-41E8-BD0E-EC7AE59BBC95}.Release|Any CPU.ActiveCfg = Release|Any CPU
		{204CD9E6-D733-41E8-BD0E-EC7AE59BBC95}.Release|Any CPU.Build.0 = Release|Any CPU
	EndGlobalSection
	GlobalSection(SolutionProperties) = preSolution
		HideSolutionNode = FALSE
	EndGlobalSection
	GlobalSection(ExtensibilityGlobals) = postSolution
		SolutionGuid = {B78BCAF9-DC52-40E3-AA1D-ECBB1B3C032B}
	EndGlobalSection
EndGlobal
